
Microsoft Visual Studio Solution File, Format Version 12.00
# Visual Studio Version 17
VisualStudioVersion = 17.0.32112.339
MinimumVisualStudioVersion = 10.0.40219.1
Project("{9A19103F-16F7-4668-BE54-9A1E7A4F7556}") = "CodeCompilerSettingsModels", "..\CodeCompilerSettingsModels\CodeCompilerSettingsModels.csproj", "{CBA76F5C-273F-4F46-BA65-014887541595}"
EndProject
Project("{9A19103F-16F7-4668-BE54-9A1E7A4F7556}") = "CodeCompilerServiceManager", "CodeCompilerManager\CodeCompilerServiceManager.csproj", "{27172076-FDAB-4125-A56B-251EEB568ADA}"
EndProject
Global
	GlobalSection(SolutionConfigurationPlatforms) = preSolution
		Debug|Any CPU = Debug|Any CPU
		Release|Any CPU = Release|Any CPU
	EndGlobalSection
	GlobalSection(ProjectConfigurationPlatforms) = postSolution
		{CBA76F5C-273F-4F46-BA65-014887541595}.Debug|Any CPU.ActiveCfg = Debug|Any CPU
		{CBA76F5C-273F-4F46-BA65-014887541595}.Debug|Any CPU.Build.0 = Debug|Any CPU
		{CBA76F5C-273F-4F46-BA65-014887541595}.Release|Any CPU.ActiveCfg = Release|Any CPU
		{CBA76F5C-273F-4F46-BA65-014887541595}.Release|Any CPU.Build.0 = Release|Any CPU
		{27172076-FDAB-4125-A56B-251EEB568ADA}.Debug|Any CPU.ActiveCfg = Debug|Any CPU
		{27172076-FDAB-4125-A56B-251EEB568ADA}.Debug|Any CPU.Build.0 = Debug|Any CPU
		{27172076-FDAB-4125-A56B-251EEB568ADA}.Release|Any CPU.ActiveCfg = Release|Any CPU
		{27172076-FDAB-4125-A56B-251EEB568ADA}.Release|Any CPU.Build.0 = Release|Any CPU
	EndGlobalSection
	GlobalSection(SolutionProperties) = preSolution
		HideSolutionNode = FALSE
	EndGlobalSection
	GlobalSection(ExtensibilityGlobals) = postSolution
		SolutionGuid = {DA4483B6-4058-4085-9FE5-99BA3991BD7B}
	EndGlobalSection
EndGlobal
